
Microsoft Visual Studio Solution File, Format Version 12.00
# Visual Studio 14
VisualStudioVersion = 14.0.23107.0
MinimumVisualStudioVersion = 10.0.40219.1
Project("{FAE04EC0-301F-11D3-BF4B-00C04F79EFBC}") = "Server", "Lab1BookList\Server.csproj", "{03DA7357-C78B-4BC6-94BB-AF4759C80628}"
EndProject
Project("{FAE04EC0-301F-11D3-BF4B-00C04F79EFBC}") = "Client", "Client\Client.csproj", "{AFE2C256-5AF5-45FC-AEE5-64C44320432C}"
EndProject
Project("{FAE04EC0-301F-11D3-BF4B-00C04F79EFBC}") = "BookList.Interaction", "BookList.Interaction\BookList.Interaction.csproj", "{56A24F0C-C079-4A96-B2C0-137457488638}"
EndProject
Project("{FAE04EC0-301F-11D3-BF4B-00C04F79EFBC}") = "MyIniFile", "MyIniFile\MyIniFile.csproj", "{0504A205-899F-4D3E-9866-C77F68A59042}"
EndProject
Project("{FAE04EC0-301F-11D3-BF4B-00C04F79EFBC}") = "WPFInteraction", "WPFInteraction\WPFInteraction.csproj", "{FF7C04CB-CA2A-43FE-AB71-517BCEBBF3B1}"
EndProject
Global
	GlobalSection(SolutionConfigurationPlatforms) = preSolution
		Debug|Any CPU = Debug|Any CPU
		Release|Any CPU = Release|Any CPU
	EndGlobalSection
	GlobalSection(ProjectConfigurationPlatforms) = postSolution
		{03DA7357-C78B-4BC6-94BB-AF4759C80628}.Debug|Any CPU.ActiveCfg = Debug|Any CPU
		{03DA7357-C78B-4BC6-94BB-AF4759C80628}.Debug|Any CPU.Build.0 = Debug|Any CPU
		{03DA7357-C78B-4BC6-94BB-AF4759C80628}.Release|Any CPU.ActiveCfg = Release|Any CPU
		{03DA7357-C78B-4BC6-94BB-AF4759C80628}.Release|Any CPU.Build.0 = Release|Any CPU
		{AFE2C256-5AF5-45FC-AEE5-64C44320432C}.Debug|Any CPU.ActiveCfg = Debug|Any CPU
		{AFE2C256-5AF5-45FC-AEE5-64C44320432C}.Debug|Any CPU.Build.0 = Debug|Any CPU
		{AFE2C256-5AF5-45FC-AEE5-64C44320432C}.Release|Any CPU.ActiveCfg = Release|Any CPU
		{AFE2C256-5AF5-45FC-AEE5-64C44320432C}.Release|Any CPU.Build.0 = Release|Any CPU
		{56A24F0C-C079-4A96-B2C0-137457488638}.Debug|Any CPU.ActiveCfg = Debug|Any CPU
		{56A24F0C-C079-4A96-B2C0-137457488638}.Debug|Any CPU.Build.0 = Debug|Any CPU
		{56A24F0C-C079-4A96-B2C0-137457488638}.Release|Any CPU.ActiveCfg = Release|Any CPU
		{56A24F0C-C079-4A96-B2C0-137457488638}.Release|Any CPU.Build.0 = Release|Any CPU
		{0504A205-899F-4D3E-9866-C77F68A59042}.Debug|Any CPU.ActiveCfg = Debug|Any CPU
		{0504A205-899F-4D3E-9866-C77F68A59042}.Debug|Any CPU.Build.0 = Debug|Any CPU
		{0504A205-899F-4D3E-9866-C77F68A59042}.Release|Any CPU.ActiveCfg = Release|Any CPU
		{0504A205-899F-4D3E-9866-C77F68A59042}.Release|Any CPU.Build.0 = Release|Any CPU
		{FF7C04CB-CA2A-43FE-AB71-517BCEBBF3B1}.Debug|Any CPU.ActiveCfg = Debug|Any CPU
		{FF7C04CB-CA2A-43FE-AB71-517BCEBBF3B1}.Debug|Any CPU.Build.0 = Debug|Any CPU
		{FF7C04CB-CA2A-43FE-AB71-517BCEBBF3B1}.Release|Any CPU.ActiveCfg = Release|Any CPU
		{FF7C04CB-CA2A-43FE-AB71-517BCEBBF3B1}.Release|Any CPU.Build.0 = Release|Any CPU
	EndGlobalSection
	GlobalSection(SolutionProperties) = preSolution
		HideSolutionNode = FALSE
	EndGlobalSection
EndGlobal
